
Microsoft Visual Studio Solution File, Format Version 12.00
# Visual Studio 15
VisualStudioVersion = 15.0.27428.2002
MinimumVisualStudioVersion = 10.0.40219.1
Project("{9A19103F-16F7-4668-BE54-9A1E7A4F7556}") = "PocDdd", "PocDdd\PocDdd.csproj", "{59760B57-47B5-487A-9AD3-F72E4BCE043A}"
EndProject
Project("{2150E333-8FDC-42A3-9474-1A3956D46DE8}") = "0 - Presentation", "0 - Presentation", "{5A304532-2DA2-47AD-8AF7-619522A660E0}"
EndProject
Project("{2150E333-8FDC-42A3-9474-1A3956D46DE8}") = "2 - Domain", "2 - Domain", "{C8AF79BB-9EBB-425D-9489-C806AB2EDDFC}"
EndProject
Project("{2150E333-8FDC-42A3-9474-1A3956D46DE8}") = "3 - Infra", "3 - Infra", "{1B75FEBB-E573-47CF-B136-9DCF5428E6A6}"
EndProject
Project("{2150E333-8FDC-42A3-9474-1A3956D46DE8}") = "PropostaCartao", "PropostaCartao", "{F50C439D-69C4-4FB5-9026-BCC964B0F8B2}"
EndProject
Project("{2150E333-8FDC-42A3-9474-1A3956D46DE8}") = "ConsistenciaProposta", "ConsistenciaProposta", "{B30DFFAE-54D9-47DD-A36E-2A55DA40A273}"
EndProject
Project("{2150E333-8FDC-42A3-9474-1A3956D46DE8}") = "Conta", "Conta", "{C5B60E5C-E201-4053-81D3-1D9C8713352E}"
EndProject
Project("{9A19103F-16F7-4668-BE54-9A1E7A4F7556}") = "Proposta", "Proposta\Proposta.csproj", "{8A3D615B-90FA-4446-837B-0A29F86C4F36}"
EndProject
Project("{9A19103F-16F7-4668-BE54-9A1E7A4F7556}") = "Proposta.Core", "Proposta.Core\Proposta.Core.csproj", "{37D1E194-3A93-4404-9738-57D062965E4E}"
EndProject
Project("{2150E333-8FDC-42A3-9474-1A3956D46DE8}") = "1 - Application", "1 - Application", "{9398BBD2-0362-478C-B9B2-A2C03100067C}"
EndProject
Project("{2150E333-8FDC-42A3-9474-1A3956D46DE8}") = "4 - CrossCutting", "4 - CrossCutting", "{8BECD432-16A8-469E-86EF-33B9F04F8074}"
EndProject
Project("{FAE04EC0-301F-11D3-BF4B-00C04F79EFBC}") = "BaseClass", "BaseClass\BaseClass.csproj", "{E5E0A69B-918F-48B4-99B6-E7844AC5F80D}"
EndProject
Project("{FAE04EC0-301F-11D3-BF4B-00C04F79EFBC}") = "CartaoCreditoApplication", "CartaoCreditoApplication\CartaoCreditoApplication.csproj", "{6F132205-2551-4F18-B9B3-825042EEBE5D}"
EndProject
Project("{FAE04EC0-301F-11D3-BF4B-00C04F79EFBC}") = "ConsistenciaProposta", "ConsistenciaProposta\ConsistenciaProposta.csproj", "{6D272394-F7EC-4CBF-84A8-893668F064A0}"
EndProject
Project("{FAE04EC0-301F-11D3-BF4B-00C04F79EFBC}") = "ConsistenciaProposta.Core", "ConsistenciaProposta.Core\ConsistenciaProposta.Core.csproj", "{23FCA127-6194-435B-95AE-D685925AC682}"
EndProject
Project("{FAE04EC0-301F-11D3-BF4B-00C04F79EFBC}") = "EstruturasDados", "EstruturasDados\EstruturasDados.csproj", "{6F1C29FD-D420-4BE1-A4E5-835E022E62D0}"
EndProject
Project("{FAE04EC0-301F-11D3-BF4B-00C04F79EFBC}") = "ContaCartao", "ContaCartao\ContaCartao.csproj", "{2BE4A766-26C6-4A60-A95E-95C7013978DF}"
EndProject
Project("{FAE04EC0-301F-11D3-BF4B-00C04F79EFBC}") = "ContaCartao.Core", "ContaCartao.Core\ContaCartao.Core.csproj", "{A0C5D68B-441B-45F4-BBE4-38A25C2B99C3}"
EndProject
Global
	GlobalSection(SolutionConfigurationPlatforms) = preSolution
		Debug|Any CPU = Debug|Any CPU
		Release|Any CPU = Release|Any CPU
	EndGlobalSection
	GlobalSection(ProjectConfigurationPlatforms) = postSolution
		{59760B57-47B5-487A-9AD3-F72E4BCE043A}.Debug|Any CPU.ActiveCfg = Debug|Any CPU
		{59760B57-47B5-487A-9AD3-F72E4BCE043A}.Debug|Any CPU.Build.0 = Debug|Any CPU
		{59760B57-47B5-487A-9AD3-F72E4BCE043A}.Release|Any CPU.ActiveCfg = Release|Any CPU
		{59760B57-47B5-487A-9AD3-F72E4BCE043A}.Release|Any CPU.Build.0 = Release|Any CPU
		{8A3D615B-90FA-4446-837B-0A29F86C4F36}.Debug|Any CPU.ActiveCfg = Debug|Any CPU
		{8A3D615B-90FA-4446-837B-0A29F86C4F36}.Debug|Any CPU.Build.0 = Debug|Any CPU
		{8A3D615B-90FA-4446-837B-0A29F86C4F36}.Release|Any CPU.ActiveCfg = Release|Any CPU
		{8A3D615B-90FA-4446-837B-0A29F86C4F36}.Release|Any CPU.Build.0 = Release|Any CPU
		{37D1E194-3A93-4404-9738-57D062965E4E}.Debug|Any CPU.ActiveCfg = Debug|Any CPU
		{37D1E194-3A93-4404-9738-57D062965E4E}.Debug|Any CPU.Build.0 = Debug|Any CPU
		{37D1E194-3A93-4404-9738-57D062965E4E}.Release|Any CPU.ActiveCfg = Release|Any CPU
		{37D1E194-3A93-4404-9738-57D062965E4E}.Release|Any CPU.Build.0 = Release|Any CPU
		{E5E0A69B-918F-48B4-99B6-E7844AC5F80D}.Debug|Any CPU.ActiveCfg = Debug|Any CPU
		{E5E0A69B-918F-48B4-99B6-E7844AC5F80D}.Debug|Any CPU.Build.0 = Debug|Any CPU
		{E5E0A69B-918F-48B4-99B6-E7844AC5F80D}.Release|Any CPU.ActiveCfg = Release|Any CPU
		{E5E0A69B-918F-48B4-99B6-E7844AC5F80D}.Release|Any CPU.Build.0 = Release|Any CPU
		{6F132205-2551-4F18-B9B3-825042EEBE5D}.Debug|Any CPU.ActiveCfg = Debug|Any CPU
		{6F132205-2551-4F18-B9B3-825042EEBE5D}.Debug|Any CPU.Build.0 = Debug|Any CPU
		{6F132205-2551-4F18-B9B3-825042EEBE5D}.Release|Any CPU.ActiveCfg = Release|Any CPU
		{6F132205-2551-4F18-B9B3-825042EEBE5D}.Release|Any CPU.Build.0 = Release|Any CPU
		{6D272394-F7EC-4CBF-84A8-893668F064A0}.Debug|Any CPU.ActiveCfg = Debug|Any CPU
		{6D272394-F7EC-4CBF-84A8-893668F064A0}.Debug|Any CPU.Build.0 = Debug|Any CPU
		{6D272394-F7EC-4CBF-84A8-893668F064A0}.Release|Any CPU.ActiveCfg = Release|Any CPU
		{6D272394-F7EC-4CBF-84A8-893668F064A0}.Release|Any CPU.Build.0 = Release|Any CPU
		{23FCA127-6194-435B-95AE-D685925AC682}.Debug|Any CPU.ActiveCfg = Debug|Any CPU
		{23FCA127-6194-435B-95AE-D685925AC682}.Debug|Any CPU.Build.0 = Debug|Any CPU
		{23FCA127-6194-435B-95AE-D685925AC682}.Release|Any CPU.ActiveCfg = Release|Any CPU
		{23FCA127-6194-435B-95AE-D685925AC682}.Release|Any CPU.Build.0 = Release|Any CPU
		{6F1C29FD-D420-4BE1-A4E5-835E022E62D0}.Debug|Any CPU.ActiveCfg = Debug|Any CPU
		{6F1C29FD-D420-4BE1-A4E5-835E022E62D0}.Debug|Any CPU.Build.0 = Debug|Any CPU
		{6F1C29FD-D420-4BE1-A4E5-835E022E62D0}.Release|Any CPU.ActiveCfg = Release|Any CPU
		{6F1C29FD-D420-4BE1-A4E5-835E022E62D0}.Release|Any CPU.Build.0 = Release|Any CPU
		{2BE4A766-26C6-4A60-A95E-95C7013978DF}.Debug|Any CPU.ActiveCfg = Debug|Any CPU
		{2BE4A766-26C6-4A60-A95E-95C7013978DF}.Debug|Any CPU.Build.0 = Debug|Any CPU
		{2BE4A766-26C6-4A60-A95E-95C7013978DF}.Release|Any CPU.ActiveCfg = Release|Any CPU
		{2BE4A766-26C6-4A60-A95E-95C7013978DF}.Release|Any CPU.Build.0 = Release|Any CPU
		{A0C5D68B-441B-45F4-BBE4-38A25C2B99C3}.Debug|Any CPU.ActiveCfg = Debug|Any CPU
		{A0C5D68B-441B-45F4-BBE4-38A25C2B99C3}.Debug|Any CPU.Build.0 = Debug|Any CPU
		{A0C5D68B-441B-45F4-BBE4-38A25C2B99C3}.Release|Any CPU.ActiveCfg = Release|Any CPU
		{A0C5D68B-441B-45F4-BBE4-38A25C2B99C3}.Release|Any CPU.Build.0 = Release|Any CPU
	EndGlobalSection
	GlobalSection(SolutionProperties) = preSolution
		HideSolutionNode = FALSE
	EndGlobalSection
	GlobalSection(NestedProjects) = preSolution
		{59760B57-47B5-487A-9AD3-F72E4BCE043A} = {5A304532-2DA2-47AD-8AF7-619522A660E0}
		{F50C439D-69C4-4FB5-9026-BCC964B0F8B2} = {C8AF79BB-9EBB-425D-9489-C806AB2EDDFC}
		{B30DFFAE-54D9-47DD-A36E-2A55DA40A273} = {C8AF79BB-9EBB-425D-9489-C806AB2EDDFC}
		{C5B60E5C-E201-4053-81D3-1D9C8713352E} = {C8AF79BB-9EBB-425D-9489-C806AB2EDDFC}
		{8A3D615B-90FA-4446-837B-0A29F86C4F36} = {F50C439D-69C4-4FB5-9026-BCC964B0F8B2}
		{37D1E194-3A93-4404-9738-57D062965E4E} = {F50C439D-69C4-4FB5-9026-BCC964B0F8B2}
		{E5E0A69B-918F-48B4-99B6-E7844AC5F80D} = {8BECD432-16A8-469E-86EF-33B9F04F8074}
		{6F132205-2551-4F18-B9B3-825042EEBE5D} = {9398BBD2-0362-478C-B9B2-A2C03100067C}
		{6D272394-F7EC-4CBF-84A8-893668F064A0} = {B30DFFAE-54D9-47DD-A36E-2A55DA40A273}
		{23FCA127-6194-435B-95AE-D685925AC682} = {B30DFFAE-54D9-47DD-A36E-2A55DA40A273}
		{6F1C29FD-D420-4BE1-A4E5-835E022E62D0} = {8BECD432-16A8-469E-86EF-33B9F04F8074}
		{2BE4A766-26C6-4A60-A95E-95C7013978DF} = {C5B60E5C-E201-4053-81D3-1D9C8713352E}
		{A0C5D68B-441B-45F4-BBE4-38A25C2B99C3} = {C5B60E5C-E201-4053-81D3-1D9C8713352E}
	EndGlobalSection
	GlobalSection(ExtensibilityGlobals) = postSolution
		SolutionGuid = {1533EA64-6E3F-4485-A278-BE18D4D6C26E}
	EndGlobalSection
EndGlobal
